// !$*UTF8*$!
{
	archiveVersion = 1;
	classes = {
	};
	objectVersion = 46;
	objects = {

/* Begin PBXBuildFile section */
		00ABE564187A5756002786B5 /* Foundation.framework in Frameworks */ = {isa = PBXBuildFile; fileRef = 00ABE563187A5756002786B5 /* Foundation.framework */; };
		00ABE566187A5756002786B5 /* CoreGraphics.framework in Frameworks */ = {isa = PBXBuildFile; fileRef = 00ABE565187A5756002786B5 /* CoreGraphics.framework */; };
		00ABE568187A5756002786B5 /* UIKit.framework in Frameworks */ = {isa = PBXBuildFile; fileRef = 00ABE567187A5756002786B5 /* UIKit.framework */; };
		00ABE56E187A5756002786B5 /* InfoPlist.strings in Resources */ = {isa = PBXBuildFile; fileRef = 00ABE56C187A5756002786B5 /* InfoPlist.strings */; };
		00ABE570187A5756002786B5 /* main.m in Sources */ = {isa = PBXBuildFile; fileRef = 00ABE56F187A5756002786B5 /* main.m */; };
		00ABE574187A5756002786B5 /* AppDelegate.m in Sources */ = {isa = PBXBuildFile; fileRef = 00ABE573187A5756002786B5 /* AppDelegate.m */; };
		00ABE577187A5756002786B5 /* Main.storyboard in Resources */ = {isa = PBXBuildFile; fileRef = 00ABE575187A5756002786B5 /* Main.storyboard */; };
		00ABE57A187A5756002786B5 /* ViewController.m in Sources */ = {isa = PBXBuildFile; fileRef = 00ABE579187A5756002786B5 /* ViewController.m */; };
		00ABE57C187A5757002786B5 /* Images.xcassets in Resources */ = {isa = PBXBuildFile; fileRef = 00ABE57B187A5757002786B5 /* Images.xcassets */; };
		00ABE583187A5757002786B5 /* XCTest.framework in Frameworks */ = {isa = PBXBuildFile; fileRef = 00ABE582187A5757002786B5 /* XCTest.framework */; };
		00ABE584187A5757002786B5 /* Foundation.framework in Frameworks */ = {isa = PBXBuildFile; fileRef = 00ABE563187A5756002786B5 /* Foundation.framework */; };
		00ABE585187A5757002786B5 /* UIKit.framework in Frameworks */ = {isa = PBXBuildFile; fileRef = 00ABE567187A5756002786B5 /* UIKit.framework */; };
		00ABE58D187A5757002786B5 /* InfoPlist.strings in Resources */ = {isa = PBXBuildFile; fileRef = 00ABE58B187A5757002786B5 /* InfoPlist.strings */; };
		00ABE58F187A5757002786B5 /* UpDownGameTests.m in Sources */ = {isa = PBXBuildFile; fileRef = 00ABE58E187A5757002786B5 /* UpDownGameTests.m */; };
/* End PBXBuildFile section */

/* Begin PBXContainerItemProxy section */
		00ABE586187A5757002786B5 /* PBXContainerItemProxy */ = {
			isa = PBXContainerItemProxy;
			containerPortal = 00ABE558187A5756002786B5 /* Project object */;
			proxyType = 1;
			remoteGlobalIDString = 00ABE55F187A5756002786B5;
			remoteInfo = UpDownGame;
		};
/* End PBXContainerItemProxy section */

/* Begin PBXFileReference section */
		00ABE560187A5756002786B5 /* UpDownGame.app */ = {isa = PBXFileReference; explicitFileType = wrapper.application; includeInIndex = 0; path = UpDownGame.app; sourceTree = BUILT_PRODUCTS_DIR; };
		00ABE563187A5756002786B5 /* Foundation.framework */ = {isa = PBXFileReference; lastKnownFileType = wrapper.framework; name = Foundation.framework; path = System/Library/Frameworks/Foundation.framework; sourceTree = SDKROOT; };
		00ABE565187A5756002786B5 /* CoreGraphics.framework */ = {isa = PBXFileReference; lastKnownFileType = wrapper.framework; name = CoreGraphics.framework; path = System/Library/Frameworks/CoreGraphics.framework; sourceTree = SDKROOT; };
		00ABE567187A5756002786B5 /* UIKit.framework */ = {isa = PBXFileReference; lastKnownFileType = wrapper.framework; name = UIKit.framework; path = System/Library/Frameworks/UIKit.framework; sourceTree = SDKROOT; };
		00ABE56B187A5756002786B5 /* UpDownGame-Info.plist */ = {isa = PBXFileReference; lastKnownFileType = text.plist.xml; path = "UpDownGame-Info.plist"; sourceTree = "<group>"; };
		00ABE56D187A5756002786B5 /* en */ = {isa = PBXFileReference; lastKnownFileType = text.plist.strings; name = en; path = en.lproj/InfoPlist.strings; sourceTree = "<group>"; };
		00ABE56F187A5756002786B5 /* main.m */ = {isa = PBXFileReference; lastKnownFileType = sourcecode.c.objc; path = main.m; sourceTree = "<group>"; };
		00ABE571187A5756002786B5 /* UpDownGame-Prefix.pch */ = {isa = PBXFileReference; lastKnownFileType = sourcecode.c.h; path = "UpDownGame-Prefix.pch"; sourceTree = "<group>"; };
		00ABE572187A5756002786B5 /* AppDelegate.h */ = {isa = PBXFileReference; lastKnownFileType = sourcecode.c.h; path = AppDelegate.h; sourceTree = "<group>"; };
		00ABE573187A5756002786B5 /* AppDelegate.m */ = {isa = PBXFileReference; lastKnownFileType = sourcecode.c.objc; path = AppDelegate.m; sourceTree = "<group>"; };
		00ABE576187A5756002786B5 /* Base */ = {isa = PBXFileReference; lastKnownFileType = file.storyboard; name = Base; path = Base.lproj/Main.storyboard; sourceTree = "<group>"; };
		00ABE578187A5756002786B5 /* ViewController.h */ = {isa = PBXFileReference; lastKnownFileType = sourcecode.c.h; path = ViewController.h; sourceTree = "<group>"; };
		00ABE579187A5756002786B5 /* ViewController.m */ = {isa = PBXFileReference; lastKnownFileType = sourcecode.c.objc; path = ViewController.m; sourceTree = "<group>"; };
		00ABE57B187A5757002786B5 /* Images.xcassets */ = {isa = PBXFileReference; lastKnownFileType = folder.assetcatalog; path = Images.xcassets; sourceTree = "<group>"; };
		00ABE581187A5757002786B5 /* UpDownGameTests.xctest */ = {isa = PBXFileReference; explicitFileType = wrapper.cfbundle; includeInIndex = 0; path = UpDownGameTests.xctest; sourceTree = BUILT_PRODUCTS_DIR; };
		00ABE582187A5757002786B5 /* XCTest.framework */ = {isa = PBXFileReference; lastKnownFileType = wrapper.framework; name = XCTest.framework; path = Library/Frameworks/XCTest.framework; sourceTree = DEVELOPER_DIR; };
		00ABE58A187A5757002786B5 /* UpDownGameTests-Info.plist */ = {isa = PBXFileReference; lastKnownFileType = text.plist.xml; path = "UpDownGameTests-Info.plist"; sourceTree = "<group>"; };
		00ABE58C187A5757002786B5 /* en */ = {isa = PBXFileReference; lastKnownFileType = text.plist.strings; name = en; path = en.lproj/InfoPlist.strings; sourceTree = "<group>"; };
		00ABE58E187A5757002786B5 /* UpDownGameTests.m */ = {isa = PBXFileReference; lastKnownFileType = sourcecode.c.objc; path = UpDownGameTests.m; sourceTree = "<group>"; };
/* End PBXFileReference section */

/* Begin PBXFrameworksBuildPhase section */
		00ABE55D187A5756002786B5 /* Frameworks */ = {
			isa = PBXFrameworksBuildPhase;
			buildActionMask = 2147483647;
			files = (
				00ABE566187A5756002786B5 /* CoreGraphics.framework in Frameworks */,
				00ABE568187A5756002786B5 /* UIKit.framework in Frameworks */,
				00ABE564187A5756002786B5 /* Foundation.framework in Frameworks */,
			);
			runOnlyForDeploymentPostprocessing = 0;
		};
		00ABE57E187A5757002786B5 /* Frameworks */ = {
			isa = PBXFrameworksBuildPhase;
			buildActionMask = 2147483647;
			files = (
				00ABE583187A5757002786B5 /* XCTest.framework in Frameworks */,
				00ABE585187A5757002786B5 /* UIKit.framework in Frameworks */,
				00ABE584187A5757002786B5 /* Foundation.framework in Frameworks */,
			);
			runOnlyForDeploymentPostprocessing = 0;
		};
/* End PBXFrameworksBuildPhase section */

/* Begin PBXGroup section */
		00ABE557187A5756002786B5 = {
			isa = PBXGroup;
			children = (
				00ABE569187A5756002786B5 /* UpDownGame */,
				00ABE588187A5757002786B5 /* UpDownGameTests */,
				00ABE562187A5756002786B5 /* Frameworks */,
				00ABE561187A5756002786B5 /* Products */,
			);
			sourceTree = "<group>";
		};
		00ABE561187A5756002786B5 /* Products */ = {
			isa = PBXGroup;
			children = (
				00ABE560187A5756002786B5 /* UpDownGame.app */,
				00ABE581187A5757002786B5 /* UpDownGameTests.xctest */,
			);
			name = Products;
			sourceTree = "<group>";
		};
		00ABE562187A5756002786B5 /* Frameworks */ = {
			isa = PBXGroup;
			children = (
				00ABE563187A5756002786B5 /* Foundation.framework */,
				00ABE565187A5756002786B5 /* CoreGraphics.framework */,
				00ABE567187A5756002786B5 /* UIKit.framework */,
				00ABE582187A5757002786B5 /* XCTest.framework */,
			);
			name = Frameworks;
			sourceTree = "<group>";
		};
		00ABE569187A5756002786B5 /* UpDownGame */ = {
			isa = PBXGroup;
			children = (
				00ABE572187A5756002786B5 /* AppDelegate.h */,
				00ABE573187A5756002786B5 /* AppDelegate.m */,
				00ABE575187A5756002786B5 /* Main.storyboard */,
				00ABE578187A5756002786B5 /* ViewController.h */,
				00ABE579187A5756002786B5 /* ViewController.m */,
				00ABE57B187A5757002786B5 /* Images.xcassets */,
				00ABE56A187A5756002786B5 /* Supporting Files */,
			);
			path = UpDownGame;
			sourceTree = "<group>";
		};
		00ABE56A187A5756002786B5 /* Supporting Files */ = {
			isa = PBXGroup;
			children = (
				00ABE56B187A5756002786B5 /* UpDownGame-Info.plist */,
				00ABE56C187A5756002786B5 /* InfoPlist.strings */,
				00ABE56F187A5756002786B5 /* main.m */,
				00ABE571187A5756002786B5 /* UpDownGame-Prefix.pch */,
			);
			name = "Supporting Files";
			sourceTree = "<group>";
		};
		00ABE588187A5757002786B5 /* UpDownGameTests */ = {
			isa = PBXGroup;
			children = (
				00ABE58E187A5757002786B5 /* UpDownGameTests.m */,
				00ABE589187A5757002786B5 /* Supporting Files */,
			);
			path = UpDownGameTests;
			sourceTree = "<group>";
		};
		00ABE589187A5757002786B5 /* Supporting Files */ = {
			isa = PBXGroup;
			children = (
				00ABE58A187A5757002786B5 /* UpDownGameTests-Info.plist */,
				00ABE58B187A5757002786B5 /* InfoPlist.strings */,
			);
			name = "Supporting Files";
			sourceTree = "<group>";
		};
/* End PBXGroup section */

/* Begin PBXNativeTarget section */
		00ABE55F187A5756002786B5 /* UpDownGame */ = {
			isa = PBXNativeTarget;
			buildConfigurationList = 00ABE592187A5757002786B5 /* Build configuration list for PBXNativeTarget "UpDownGame" */;
			buildPhases = (
				00ABE55C187A5756002786B5 /* Sources */,
				00ABE55D187A5756002786B5 /* Frameworks */,
				00ABE55E187A5756002786B5 /* Resources */,
			);
			buildRules = (
			);
			dependencies = (
			);
			name = UpDownGame;
			productName = UpDownGame;
			productReference = 00ABE560187A5756002786B5 /* UpDownGame.app */;
			productType = "com.apple.product-type.application";
		};
		00ABE580187A5757002786B5 /* UpDownGameTests */ = {
			isa = PBXNativeTarget;
			buildConfigurationList = 00ABE595187A5757002786B5 /* Build configuration list for PBXNativeTarget "UpDownGameTests" */;
			buildPhases = (
				00ABE57D187A5757002786B5 /* Sources */,
				00ABE57E187A5757002786B5 /* Frameworks */,
				00ABE57F187A5757002786B5 /* Resources */,
			);
			buildRules = (
			);
			dependencies = (
				00ABE587187A5757002786B5 /* PBXTargetDependency */,
			);
			name = UpDownGameTests;
			productName = UpDownGameTests;
			productReference = 00ABE581187A5757002786B5 /* UpDownGameTests.xctest */;
			productType = "com.apple.product-type.bundle.unit-test";
		};
/* End PBXNativeTarget section */

/* Begin PBXProject section */
		00ABE558187A5756002786B5 /* Project object */ = {
			isa = PBXProject;
			attributes = {
				LastUpgradeCheck = 0500;
				ORGANIZATIONNAME = steve;
				TargetAttributes = {
					00ABE580187A5757002786B5 = {
						TestTargetID = 00ABE55F187A5756002786B5;
					};
				};
			};
			buildConfigurationList = 00ABE55B187A5756002786B5 /* Build configuration list for PBXProject "UpDownGame" */;
			compatibilityVersion = "Xcode 3.2";
			developmentRegion = English;
			hasScannedForEncodings = 0;
			knownRegions = (
				en,
				Base,
			);
			mainGroup = 00ABE557187A5756002786B5;
			productRefGroup = 00ABE561187A5756002786B5 /* Products */;
			projectDirPath = "";
			projectRoot = "";
			targets = (
				00ABE55F187A5756002786B5 /* UpDownGame */,
				00ABE580187A5757002786B5 /* UpDownGameTests */,
			);
		};
/* End PBXProject section */

/* Begin PBXResourcesBuildPhase section */
		00ABE55E187A5756002786B5 /* Resources */ = {
			isa = PBXResourcesBuildPhase;
			buildActionMask = 2147483647;
			files = (
				00ABE57C187A5757002786B5 /* Images.xcassets in Resources */,
				00ABE56E187A5756002786B5 /* InfoPlist.strings in Resources */,
				00ABE577187A5756002786B5 /* Main.storyboard in Resources */,
			);
			runOnlyForDeploymentPostprocessing = 0;
		};
		00ABE57F187A5757002786B5 /* Resources */ = {
			isa = PBXResourcesBuildPhase;
			buildActionMask = 2147483647;
			files = (
				00ABE58D187A5757002786B5 /* InfoPlist.strings in Resources */,
			);
			runOnlyForDeploymentPostprocessing = 0;
		};
/* End PBXResourcesBuildPhase section */

/* Begin PBXSourcesBuildPhase section */
		00ABE55C187A5756002786B5 /* Sources */ = {
			isa = PBXSourcesBuildPhase;
			buildActionMask = 2147483647;
			files = (
				00ABE57A187A5756002786B5 /* ViewController.m in Sources */,
				00ABE574187A5756002786B5 /* AppDelegate.m in Sources */,
				00ABE570187A5756002786B5 /* main.m in Sources */,
			);
			runOnlyForDeploymentPostprocessing = 0;
		};
		00ABE57D187A5757002786B5 /* Sources */ = {
			isa = PBXSourcesBuildPhase;
			buildActionMask = 2147483647;
			files = (
				00ABE58F187A5757002786B5 /* UpDownGameTests.m in Sources */,
			);
			runOnlyForDeploymentPostprocessing = 0;
		};
/* End PBXSourcesBuildPhase section */

/* Begin PBXTargetDependency section */
		00ABE587187A5757002786B5 /* PBXTargetDependency */ = {
			isa = PBXTargetDependency;
			target = 00ABE55F187A5756002786B5 /* UpDownGame */;
			targetProxy = 00ABE586187A5757002786B5 /* PBXContainerItemProxy */;
		};
/* End PBXTargetDependency section */

/* Begin PBXVariantGroup section */
		00ABE56C187A5756002786B5 /* InfoPlist.strings */ = {
			isa = PBXVariantGroup;
			children = (
				00ABE56D187A5756002786B5 /* en */,
			);
			name = InfoPlist.strings;
			sourceTree = "<group>";
		};
		00ABE575187A5756002786B5 /* Main.storyboard */ = {
			isa = PBXVariantGroup;
			children = (
				00ABE576187A5756002786B5 /* Base */,
			);
			name = Main.storyboard;
			sourceTree = "<group>";
		};
		00ABE58B187A5757002786B5 /* InfoPlist.strings */ = {
			isa = PBXVariantGroup;
			children = (
				00ABE58C187A5757002786B5 /* en */,
			);
			name = InfoPlist.strings;
			sourceTree = "<group>";
		};
/* End PBXVariantGroup section */

/* Begin XCBuildConfiguration section */
		00ABE590187A5757002786B5 /* Debug */ = {
			isa = XCBuildConfiguration;
			buildSettings = {
				ALWAYS_SEARCH_USER_PATHS = NO;
				ARCHS = "$(ARCHS_STANDARD_INCLUDING_64_BIT)";
				CLANG_CXX_LANGUAGE_STANDARD = "gnu++0x";
				CLANG_CXX_LIBRARY = "libc++";
				CLANG_ENABLE_MODULES = YES;
				CLANG_ENABLE_OBJC_ARC = YES;
				CLANG_WARN_BOOL_CONVERSION = YES;
				CLANG_WARN_CONSTANT_CONVERSION = YES;
				CLANG_WARN_DIRECT_OBJC_ISA_USAGE = YES_ERROR;
				CLANG_WARN_EMPTY_BODY = YES;
				CLANG_WARN_ENUM_CONVERSION = YES;
				CLANG_WARN_INT_CONVERSION = YES;
				CLANG_WARN_OBJC_ROOT_CLASS = YES_ERROR;
				CLANG_WARN__DUPLICATE_METHOD_MATCH = YES;
				"CODE_SIGN_IDENTITY[sdk=iphoneos*]" = "iPhone Developer";
				COPY_PHASE_STRIP = NO;
				GCC_C_LANGUAGE_STANDARD = gnu99;
				GCC_DYNAMIC_NO_PIC = NO;
				GCC_OPTIMIZATION_LEVEL = 0;
				GCC_PREPROCESSOR_DEFINITIONS = (
					"DEBUG=1",
					"$(inherited)",
				);
				GCC_SYMBOLS_PRIVATE_EXTERN = NO;
				GCC_WARN_64_TO_32_BIT_CONVERSION = YES;
				GCC_WARN_ABOUT_RETURN_TYPE = YES_ERROR;
				GCC_WARN_UNDECLARED_SELECTOR = YES;
				GCC_WARN_UNINITIALIZED_AUTOS = YES;
				GCC_WARN_UNUSED_FUNCTION = YES;
				GCC_WARN_UNUSED_VARIABLE = YES;
				IPHONEOS_DEPLOYMENT_TARGET = 7.0;
				ONLY_ACTIVE_ARCH = YES;
				SDKROOT = iphoneos;
			};
			name = Debug;
		};
		00ABE591187A5757002786B5 /* Release */ = {
			isa = XCBuildConfiguration;
			buildSettings = {
				ALWAYS_SEARCH_USER_PATHS = NO;
				ARCHS = "$(ARCHS_STANDARD_INCLUDING_64_BIT)";
				CLANG_CXX_LANGUAGE_STANDARD = "gnu++0x";
				CLANG_CXX_LIBRARY = "libc++";
				CLANG_ENABLE_MODULES = YES;
				CLANG_ENABLE_OBJC_ARC = YES;
				CLANG_WARN_BOOL_CONVERSION = YES;
				CLANG_WARN_CONSTANT_CONVERSION = YES;
				CLANG_WARN_DIRECT_OBJC_ISA_USAGE = YES_ERROR;
				CLANG_WARN_EMPTY_BODY = YES;
				CLANG_WARN_ENUM_CONVERSION = YES;
				CLANG_WARN_INT_CONVERSION = YES;
				CLANG_WARN_OBJC_ROOT_CLASS = YES_ERROR;
				CLANG_WARN__DUPLICATE_METHOD_MATCH = YES;
				"CODE_SIGN_IDENTITY[sdk=iphoneos*]" = "iPhone Developer";
				COPY_PHASE_STRIP = YES;
				ENABLE_NS_ASSERTIONS = NO;
				GCC_C_LANGUAGE_STANDARD = gnu99;
				GCC_WARN_64_TO_32_BIT_CONVERSION = YES;
				GCC_WARN_ABOUT_RETURN_TYPE = YES_ERROR;
				GCC_WARN_UNDECLARED_SELECTOR = YES;
				GCC_WARN_UNINITIALIZED_AUTOS = YES;
				GCC_WARN_UNUSED_FUNCTION = YES;
				GCC_WARN_UNUSED_VARIABLE = YES;
				IPHONEOS_DEPLOYMENT_TARGET = 7.0;
				SDKROOT = iphoneos;
				VALIDATE_PRODUCT = YES;
			};
			name = Release;
		};
		00ABE593187A5757002786B5 /* Debug */ = {
			isa = XCBuildConfiguration;
			buildSettings = {
				ASSETCATALOG_COMPILER_APPICON_NAME = AppIcon;
				ASSETCATALOG_COMPILER_LAUNCHIMAGE_NAME = LaunchImage;
				GCC_PRECOMPILE_PREFIX_HEADER = YES;
				GCC_PREFIX_HEADER = "UpDownGame/UpDownGame-Prefix.pch";
				INFOPLIST_FILE = "UpDownGame/UpDownGame-Info.plist";
				PRODUCT_NAME = "$(TARGET_NAME)";
				WRAPPER_EXTENSION = app;
			};
			name = Debug;
		};
		00ABE594187A5757002786B5 /* Release */ = {
			isa = XCBuildConfiguration;
			buildSettings = {
				ASSETCATALOG_COMPILER_APPICON_NAME = AppIcon;
				ASSETCATALOG_COMPILER_LAUNCHIMAGE_NAME = LaunchImage;
				GCC_PRECOMPILE_PREFIX_HEADER = YES;
				GCC_PREFIX_HEADER = "UpDownGame/UpDownGame-Prefix.pch";
				INFOPLIST_FILE = "UpDownGame/UpDownGame-Info.plist";
				PRODUCT_NAME = "$(TARGET_NAME)";
				WRAPPER_EXTENSION = app;
			};
			name = Release;
		};
		00ABE596187A5757002786B5 /* Debug */ = {
			isa = XCBuildConfiguration;
			buildSettings = {
				ARCHS = "$(ARCHS_STANDARD_INCLUDING_64_BIT)";
				BUNDLE_LOADER = "$(BUILT_PRODUCTS_DIR)/UpDownGame.app/UpDownGame";
				FRAMEWORK_SEARCH_PATHS = (
					"$(SDKROOT)/Developer/Library/Frameworks",
					"$(inherited)",
					"$(DEVELOPER_FRAMEWORKS_DIR)",
				);
				GCC_PRECOMPILE_PREFIX_HEADER = YES;
				GCC_PREFIX_HEADER = "UpDownGame/UpDownGame-Prefix.pch";
				GCC_PREPROCESSOR_DEFINITIONS = (
					"DEBUG=1",
					"$(inherited)",
				);
				INFOPLIST_FILE = "UpDownGameTests/UpDownGameTests-Info.plist";
				PRODUCT_NAME = "$(TARGET_NAME)";
				TEST_HOST = "$(BUNDLE_LOADER)";
				WRAPPER_EXTENSION = xctest;
			};
			name = Debug;
		};
		00ABE597187A5757002786B5 /* Release */ = {
			isa = XCBuildConfiguration;
			buildSettings = {
				ARCHS = "$(ARCHS_STANDARD_INCLUDING_64_BIT)";
				BUNDLE_LOADER = "$(BUILT_PRODUCTS_DIR)/UpDownGame.app/UpDownGame";
				FRAMEWORK_SEARCH_PATHS = (
					"$(SDKROOT)/Developer/Library/Frameworks",
					"$(inherited)",
					"$(DEVELOPER_FRAMEWORKS_DIR)",
				);
				GCC_PRECOMPILE_PREFIX_HEADER = YES;
				GCC_PREFIX_HEADER = "UpDownGame/UpDownGame-Prefix.pch";
				INFOPLIST_FILE = "UpDownGameTests/UpDownGameTests-Info.plist";
				PRODUCT_NAME = "$(TARGET_NAME)";
				TEST_HOST = "$(BUNDLE_LOADER)";
				WRAPPER_EXTENSION = xctest;
			};
			name = Release;
		};
/* End XCBuildConfiguration section */

/* Begin XCConfigurationList section */
		00ABE55B187A5756002786B5 /* Build configuration list for PBXProject "UpDownGame" */ = {
			isa = XCConfigurationList;
			buildConfigurations = (
				00ABE590187A5757002786B5 /* Debug */,
				00ABE591187A5757002786B5 /* Release */,
			);
			defaultConfigurationIsVisible = 0;
			defaultConfigurationName = Release;
		};
		00ABE592187A5757002786B5 /* Build configuration list for PBXNativeTarget "UpDownGame" */ = {
			isa = XCConfigurationList;
			buildConfigurations = (
				00ABE593187A5757002786B5 /* Debug */,
				00ABE594187A5757002786B5 /* Release */,
			);
			defaultConfigurationIsVisible = 0;
		};
		00ABE595187A5757002786B5 /* Build configuration list for PBXNativeTarget "UpDownGameTests" */ = {
			isa = XCConfigurationList;
			buildConfigurations = (
				00ABE596187A5757002786B5 /* Debug */,
				00ABE597187A5757002786B5 /* Release */,
			);
			defaultConfigurationIsVisible = 0;
		};
/* End XCConfigurationList section */
	};
	rootObject = 00ABE558187A5756002786B5 /* Project object */;
}
